
Microsoft Visual Studio Solution File, Format Version 12.00
# Visual Studio Version 17
VisualStudioVersion = 17.14.36401.2 d17.14
MinimumVisualStudioVersion = 10.0.40219.1
Project("{FAE04EC0-301F-11D3-BF4B-00C04F79EFBC}") = "ApiEstagioBicicletaria", "ApiEstagioBicicletaria.csproj", "{33243DA2-E4D8-59C3-3DFA-1F167DD3555C}"
EndProject
Global
	GlobalSection(SolutionConfigurationPlatforms) = preSolution
		Debug|Any CPU = Debug|Any CPU
		Release|Any CPU = Release|Any CPU
	EndGlobalSection
	GlobalSection(ProjectConfigurationPlatforms) = postSolution
		{33243DA2-E4D8-59C3-3DFA-1F167DD3555C}.Debug|Any CPU.ActiveCfg = Debug|Any CPU
		{33243DA2-E4D8-59C3-3DFA-1F167DD3555C}.Debug|Any CPU.Build.0 = Debug|Any CPU
		{33243DA2-E4D8-59C3-3DFA-1F167DD3555C}.Release|Any CPU.ActiveCfg = Release|Any CPU
		{33243DA2-E4D8-59C3-3DFA-1F167DD3555C}.Release|Any CPU.Build.0 = Release|Any CPU
	EndGlobalSection
	GlobalSection(SolutionProperties) = preSolution
		HideSolutionNode = FALSE
	EndGlobalSection
	GlobalSection(ExtensibilityGlobals) = postSolution
		SolutionGuid = {D7A93ADB-5067-401D-9EDD-59D3CD804AB3}
	EndGlobalSection
EndGlobal
